
Microsoft Visual Studio Solution File, Format Version 12.00
# Visual Studio Version 17
VisualStudioVersion = 17.11.35327.3
MinimumVisualStudioVersion = 10.0.40219.1
Project("{FAE04EC0-301F-11D3-BF4B-00C04F79EFBC}") = "F24W9WeatherApp", "F24W9WeatherApp\F24W9WeatherApp.csproj", "{D0C0B578-F14F-4103-A0AC-7A71D8D1C4BA}"
EndProject
Global
	GlobalSection(SolutionConfigurationPlatforms) = preSolution
		Debug|Any CPU = Debug|Any CPU
		Release|Any CPU = Release|Any CPU
	EndGlobalSection
	GlobalSection(ProjectConfigurationPlatforms) = postSolution
		{D0C0B578-F14F-4103-A0AC-7A71D8D1C4BA}.Debug|Any CPU.ActiveCfg = Debug|Any CPU
		{D0C0B578-F14F-4103-A0AC-7A71D8D1C4BA}.Debug|Any CPU.Build.0 = Debug|Any CPU
		{D0C0B578-F14F-4103-A0AC-7A71D8D1C4BA}.Debug|Any CPU.Deploy.0 = Debug|Any CPU
		{D0C0B578-F14F-4103-A0AC-7A71D8D1C4BA}.Release|Any CPU.ActiveCfg = Release|Any CPU
		{D0C0B578-F14F-4103-A0AC-7A71D8D1C4BA}.Release|Any CPU.Build.0 = Release|Any CPU
		{D0C0B578-F14F-4103-A0AC-7A71D8D1C4BA}.Release|Any CPU.Deploy.0 = Release|Any CPU
	EndGlobalSection
	GlobalSection(SolutionProperties) = preSolution
		HideSolutionNode = FALSE
	EndGlobalSection
	GlobalSection(ExtensibilityGlobals) = postSolution
		SolutionGuid = {E14F3008-B09D-4C1C-8415-FBF5410B757C}
	EndGlobalSection
EndGlobal
